
Microsoft Visual Studio Solution File, Format Version 12.00
# Visual Studio 15
VisualStudioVersion = 15.0.27703.2047
MinimumVisualStudioVersion = 10.0.40219.1
Project("{FAE04EC0-301F-11D3-BF4B-00C04F79EFBC}") = "Assignment 2 Bug Tracker", "Assignment 2 Bug Tracker\Assignment 2 Bug Tracker.csproj", "{573D69F1-EDEC-4F3B-A3C4-79B9068F9447}"
EndProject
Global
	GlobalSection(SolutionConfigurationPlatforms) = preSolution
		Debug|Any CPU = Debug|Any CPU
		Release|Any CPU = Release|Any CPU
	EndGlobalSection
	GlobalSection(ProjectConfigurationPlatforms) = postSolution
		{573D69F1-EDEC-4F3B-A3C4-79B9068F9447}.Debug|Any CPU.ActiveCfg = Debug|Any CPU
		{573D69F1-EDEC-4F3B-A3C4-79B9068F9447}.Debug|Any CPU.Build.0 = Debug|Any CPU
		{573D69F1-EDEC-4F3B-A3C4-79B9068F9447}.Release|Any CPU.ActiveCfg = Release|Any CPU
		{573D69F1-EDEC-4F3B-A3C4-79B9068F9447}.Release|Any CPU.Build.0 = Release|Any CPU
	EndGlobalSection
	GlobalSection(SolutionProperties) = preSolution
		HideSolutionNode = FALSE
	EndGlobalSection
	GlobalSection(ExtensibilityGlobals) = postSolution
		SolutionGuid = {5FB76DEC-5BF4-440A-96CA-2BD7E23CC048}
	EndGlobalSection
EndGlobal
